{
  "pins" : [
    {
      "identity" : "microsoft-authentication-library-for-objc",
      "kind" : "remoteSourceControl",
      "location" : "https://github.com/AzureAD/microsoft-authentication-library-for-objc.git",
      "state" : {
        "revision" : "d54e9653f94883a896af533133888be1c2ef5c75",
        "version" : "2.15.0"
      }
    }
  ],
  "version" : 2
}
